
Microsoft Visual Studio Solution File, Format Version 12.00
# Visual Studio Version 17
VisualStudioVersion = 17.3.32819.101
MinimumVisualStudioVersion = 10.0.40219.1
Project("{FAE04EC0-301F-11D3-BF4B-00C04F79EFBC}") = "EmployeePayrollusingMVC", "EmployeePayrollusingMVC.csproj", "{036C8B50-84FD-4ED4-AF67-E471BA7D3704}"
EndProject
Global
	GlobalSection(SolutionConfigurationPlatforms) = preSolution
		Debug|Any CPU = Debug|Any CPU
		Release|Any CPU = Release|Any CPU
	EndGlobalSection
	GlobalSection(ProjectConfigurationPlatforms) = postSolution
		{036C8B50-84FD-4ED4-AF67-E471BA7D3704}.Debug|Any CPU.ActiveCfg = Debug|Any CPU
		{036C8B50-84FD-4ED4-AF67-E471BA7D3704}.Debug|Any CPU.Build.0 = Debug|Any CPU
		{036C8B50-84FD-4ED4-AF67-E471BA7D3704}.Release|Any CPU.ActiveCfg = Release|Any CPU
		{036C8B50-84FD-4ED4-AF67-E471BA7D3704}.Release|Any CPU.Build.0 = Release|Any CPU
	EndGlobalSection
	GlobalSection(SolutionProperties) = preSolution
		HideSolutionNode = FALSE
	EndGlobalSection
	GlobalSection(ExtensibilityGlobals) = postSolution
		SolutionGuid = {9AA4767F-DD07-4BA1-9E78-0C441098020E}
	EndGlobalSection
EndGlobal
